
Microsoft Visual Studio Solution File, Format Version 12.00
# Visual Studio Version 16
VisualStudioVersion = 16.0.29230.47
MinimumVisualStudioVersion = 10.0.40219.1
Project("{FAE04EC0-301F-11D3-BF4B-00C04F79EFBC}") = "UI", "UI\UI.csproj", "{C3838885-2249-4560-825D-B25E05D923AD}"
EndProject
Project("{FAE04EC0-301F-11D3-BF4B-00C04F79EFBC}") = "Logic", "Logic\Logic.csproj", "{A90534E8-7D3C-4544-AC32-E1603A66641B}"
EndProject
Project("{FAE04EC0-301F-11D3-BF4B-00C04F79EFBC}") = "ViewModels", "ViewModels\ViewModels.csproj", "{46490FC5-AA61-44E6-8E0D-EB50E058C206}"
EndProject
Project("{00D1A9C2-B5F0-4AF3-8072-F6C62B433612}") = "Database", "Database\Database.sqlproj", "{1184380C-6B2D-4B9C-A7B1-C44946BDEC0D}"
EndProject
Project("{FAE04EC0-301F-11D3-BF4B-00C04F79EFBC}") = "Shared", "Shared\Shared.csproj", "{838B39D1-3392-4700-8A72-6EC2AF83B104}"
EndProject
Project("{FAE04EC0-301F-11D3-BF4B-00C04F79EFBC}") = "Unity", "Unity\Unity.csproj", "{5D119CD3-A209-452E-A659-448FB0C4E1F0}"
EndProject
Project("{FAE04EC0-301F-11D3-BF4B-00C04F79EFBC}") = "EntityModels", "EntityModels\EntityModels.csproj", "{57B99944-3533-4CA2-8A3B-17CEE4B2CCCB}"
EndProject
Project("{FAE04EC0-301F-11D3-BF4B-00C04F79EFBC}") = "Infrastructure", "Infrastructure\Infrastructure.csproj", "{FE64A4C8-7D26-48DF-9A10-B5D1F8220064}"
EndProject
Project("{FAE04EC0-301F-11D3-BF4B-00C04F79EFBC}") = "Data", "Data\Data.csproj", "{C8B1FBD3-0AC1-494D-87D9-2BE76F72FDD7}"
EndProject
Project("{FAE04EC0-301F-11D3-BF4B-00C04F79EFBC}") = "AmazonIntegration", "AmazonIntegration\AmazonIntegration.csproj", "{1896DBE7-4F10-443C-8A06-03A38D17D749}"
EndProject
Project("{9A19103F-16F7-4668-BE54-9A1E7A4F7556}") = "AWSLambda", "AWSLambda\AWSLambda.csproj", "{5A6A63DE-6353-4C66-BA2A-775F71408A27}"
EndProject
Project("{FAE04EC0-301F-11D3-BF4B-00C04F79EFBC}") = "DataMaps", "DataMaps\DataMaps.csproj", "{C95EEDC7-FD98-47F7-B2D8-736574DFFEBF}"
EndProject
Project("{FAE04EC0-301F-11D3-BF4B-00C04F79EFBC}") = "RabbitMQConsumerConsole", "RabbitMQConsumerConsole\RabbitMQConsumerConsole.csproj", "{18B7C274-EFF2-4F29-AC44-F8CEB4D5145C}"
EndProject
Project("{FAE04EC0-301F-11D3-BF4B-00C04F79EFBC}") = "RabbitMQ", "RabbitMQ\RabbitMQ.csproj", "{5862C8A2-97F2-42B9-982E-D7D51015D143}"
EndProject
Project("{FAE04EC0-301F-11D3-BF4B-00C04F79EFBC}") = "RabbitMQServices", "RabbitMQServices\RabbitMQServices.csproj", "{12669254-A7D0-4C97-BE28-402323337132}"
EndProject
Global
	GlobalSection(SolutionConfigurationPlatforms) = preSolution
		Debug|Any CPU = Debug|Any CPU
		Release|Any CPU = Release|Any CPU
	EndGlobalSection
	GlobalSection(ProjectConfigurationPlatforms) = postSolution
		{C3838885-2249-4560-825D-B25E05D923AD}.Debug|Any CPU.ActiveCfg = Debug|Any CPU
		{C3838885-2249-4560-825D-B25E05D923AD}.Debug|Any CPU.Build.0 = Debug|Any CPU
		{C3838885-2249-4560-825D-B25E05D923AD}.Release|Any CPU.ActiveCfg = Release|Any CPU
		{C3838885-2249-4560-825D-B25E05D923AD}.Release|Any CPU.Build.0 = Release|Any CPU
		{A90534E8-7D3C-4544-AC32-E1603A66641B}.Debug|Any CPU.ActiveCfg = Debug|Any CPU
		{A90534E8-7D3C-4544-AC32-E1603A66641B}.Debug|Any CPU.Build.0 = Debug|Any CPU
		{A90534E8-7D3C-4544-AC32-E1603A66641B}.Release|Any CPU.ActiveCfg = Release|Any CPU
		{A90534E8-7D3C-4544-AC32-E1603A66641B}.Release|Any CPU.Build.0 = Release|Any CPU
		{46490FC5-AA61-44E6-8E0D-EB50E058C206}.Debug|Any CPU.ActiveCfg = Debug|Any CPU
		{46490FC5-AA61-44E6-8E0D-EB50E058C206}.Debug|Any CPU.Build.0 = Debug|Any CPU
		{46490FC5-AA61-44E6-8E0D-EB50E058C206}.Release|Any CPU.ActiveCfg = Release|Any CPU
		{46490FC5-AA61-44E6-8E0D-EB50E058C206}.Release|Any CPU.Build.0 = Release|Any CPU
		{1184380C-6B2D-4B9C-A7B1-C44946BDEC0D}.Debug|Any CPU.ActiveCfg = Debug|Any CPU
		{1184380C-6B2D-4B9C-A7B1-C44946BDEC0D}.Debug|Any CPU.Build.0 = Debug|Any CPU
		{1184380C-6B2D-4B9C-A7B1-C44946BDEC0D}.Debug|Any CPU.Deploy.0 = Debug|Any CPU
		{1184380C-6B2D-4B9C-A7B1-C44946BDEC0D}.Release|Any CPU.ActiveCfg = Release|Any CPU
		{1184380C-6B2D-4B9C-A7B1-C44946BDEC0D}.Release|Any CPU.Build.0 = Release|Any CPU
		{1184380C-6B2D-4B9C-A7B1-C44946BDEC0D}.Release|Any CPU.Deploy.0 = Release|Any CPU
		{838B39D1-3392-4700-8A72-6EC2AF83B104}.Debug|Any CPU.ActiveCfg = Debug|Any CPU
		{838B39D1-3392-4700-8A72-6EC2AF83B104}.Debug|Any CPU.Build.0 = Debug|Any CPU
		{838B39D1-3392-4700-8A72-6EC2AF83B104}.Release|Any CPU.ActiveCfg = Release|Any CPU
		{838B39D1-3392-4700-8A72-6EC2AF83B104}.Release|Any CPU.Build.0 = Release|Any CPU
		{5D119CD3-A209-452E-A659-448FB0C4E1F0}.Debug|Any CPU.ActiveCfg = Debug|Any CPU
		{5D119CD3-A209-452E-A659-448FB0C4E1F0}.Debug|Any CPU.Build.0 = Debug|Any CPU
		{5D119CD3-A209-452E-A659-448FB0C4E1F0}.Release|Any CPU.ActiveCfg = Release|Any CPU
		{5D119CD3-A209-452E-A659-448FB0C4E1F0}.Release|Any CPU.Build.0 = Release|Any CPU
		{57B99944-3533-4CA2-8A3B-17CEE4B2CCCB}.Debug|Any CPU.ActiveCfg = Debug|Any CPU
		{57B99944-3533-4CA2-8A3B-17CEE4B2CCCB}.Debug|Any CPU.Build.0 = Debug|Any CPU
		{57B99944-3533-4CA2-8A3B-17CEE4B2CCCB}.Release|Any CPU.ActiveCfg = Release|Any CPU
		{57B99944-3533-4CA2-8A3B-17CEE4B2CCCB}.Release|Any CPU.Build.0 = Release|Any CPU
		{FE64A4C8-7D26-48DF-9A10-B5D1F8220064}.Debug|Any CPU.ActiveCfg = Debug|Any CPU
		{FE64A4C8-7D26-48DF-9A10-B5D1F8220064}.Debug|Any CPU.Build.0 = Debug|Any CPU
		{FE64A4C8-7D26-48DF-9A10-B5D1F8220064}.Release|Any CPU.ActiveCfg = Release|Any CPU
		{FE64A4C8-7D26-48DF-9A10-B5D1F8220064}.Release|Any CPU.Build.0 = Release|Any CPU
		{C8B1FBD3-0AC1-494D-87D9-2BE76F72FDD7}.Debug|Any CPU.ActiveCfg = Debug|Any CPU
		{C8B1FBD3-0AC1-494D-87D9-2BE76F72FDD7}.Debug|Any CPU.Build.0 = Debug|Any CPU
		{C8B1FBD3-0AC1-494D-87D9-2BE76F72FDD7}.Release|Any CPU.ActiveCfg = Release|Any CPU
		{C8B1FBD3-0AC1-494D-87D9-2BE76F72FDD7}.Release|Any CPU.Build.0 = Release|Any CPU
		{1896DBE7-4F10-443C-8A06-03A38D17D749}.Debug|Any CPU.ActiveCfg = Debug|Any CPU
		{1896DBE7-4F10-443C-8A06-03A38D17D749}.Debug|Any CPU.Build.0 = Debug|Any CPU
		{1896DBE7-4F10-443C-8A06-03A38D17D749}.Release|Any CPU.ActiveCfg = Release|Any CPU
		{1896DBE7-4F10-443C-8A06-03A38D17D749}.Release|Any CPU.Build.0 = Release|Any CPU
		{5A6A63DE-6353-4C66-BA2A-775F71408A27}.Debug|Any CPU.ActiveCfg = Debug|Any CPU
		{5A6A63DE-6353-4C66-BA2A-775F71408A27}.Debug|Any CPU.Build.0 = Debug|Any CPU
		{5A6A63DE-6353-4C66-BA2A-775F71408A27}.Release|Any CPU.ActiveCfg = Release|Any CPU
		{5A6A63DE-6353-4C66-BA2A-775F71408A27}.Release|Any CPU.Build.0 = Release|Any CPU
		{C95EEDC7-FD98-47F7-B2D8-736574DFFEBF}.Debug|Any CPU.ActiveCfg = Debug|Any CPU
		{C95EEDC7-FD98-47F7-B2D8-736574DFFEBF}.Debug|Any CPU.Build.0 = Debug|Any CPU
		{C95EEDC7-FD98-47F7-B2D8-736574DFFEBF}.Release|Any CPU.ActiveCfg = Release|Any CPU
		{C95EEDC7-FD98-47F7-B2D8-736574DFFEBF}.Release|Any CPU.Build.0 = Release|Any CPU
		{18B7C274-EFF2-4F29-AC44-F8CEB4D5145C}.Debug|Any CPU.ActiveCfg = Debug|Any CPU
		{18B7C274-EFF2-4F29-AC44-F8CEB4D5145C}.Debug|Any CPU.Build.0 = Debug|Any CPU
		{18B7C274-EFF2-4F29-AC44-F8CEB4D5145C}.Release|Any CPU.ActiveCfg = Release|Any CPU
		{18B7C274-EFF2-4F29-AC44-F8CEB4D5145C}.Release|Any CPU.Build.0 = Release|Any CPU
		{5862C8A2-97F2-42B9-982E-D7D51015D143}.Debug|Any CPU.ActiveCfg = Debug|Any CPU
		{5862C8A2-97F2-42B9-982E-D7D51015D143}.Debug|Any CPU.Build.0 = Debug|Any CPU
		{5862C8A2-97F2-42B9-982E-D7D51015D143}.Release|Any CPU.ActiveCfg = Release|Any CPU
		{5862C8A2-97F2-42B9-982E-D7D51015D143}.Release|Any CPU.Build.0 = Release|Any CPU
		{12669254-A7D0-4C97-BE28-402323337132}.Debug|Any CPU.ActiveCfg = Debug|Any CPU
		{12669254-A7D0-4C97-BE28-402323337132}.Debug|Any CPU.Build.0 = Debug|Any CPU
		{12669254-A7D0-4C97-BE28-402323337132}.Release|Any CPU.ActiveCfg = Release|Any CPU
		{12669254-A7D0-4C97-BE28-402323337132}.Release|Any CPU.Build.0 = Release|Any CPU
	EndGlobalSection
	GlobalSection(SolutionProperties) = preSolution
		HideSolutionNode = FALSE
	EndGlobalSection
	GlobalSection(ExtensibilityGlobals) = postSolution
		SolutionGuid = {63EEAEAD-C01A-455C-B476-C1F592CFBF9B}
	EndGlobalSection
EndGlobal
